
Microsoft Visual Studio Solution File, Format Version 12.00
Project("{FAE04EC0-301F-11D3-BF4B-00C04F79EFBC}") = "Programozasi-kornyezetek-ZH", "Programozasi-kornyezetek-ZH.csproj", "{D201E447-4097-47A8-9924-22E2352F5348}"
EndProject
Global
	GlobalSection(SolutionConfigurationPlatforms) = preSolution
		Debug|Any CPU = Debug|Any CPU
		Release|Any CPU = Release|Any CPU
	EndGlobalSection
	GlobalSection(ProjectConfigurationPlatforms) = postSolution
		{D201E447-4097-47A8-9924-22E2352F5348}.Debug|Any CPU.ActiveCfg = Debug|Any CPU
		{D201E447-4097-47A8-9924-22E2352F5348}.Debug|Any CPU.Build.0 = Debug|Any CPU
		{D201E447-4097-47A8-9924-22E2352F5348}.Release|Any CPU.ActiveCfg = Release|Any CPU
		{D201E447-4097-47A8-9924-22E2352F5348}.Release|Any CPU.Build.0 = Release|Any CPU
	EndGlobalSection
EndGlobal
